// !$*UTF8*$!
{
	archiveVersion = 1;
	classes = {
	};
	objectVersion = 48;
	objects = {

/* Begin PBXBuildFile section */
		0506343F2035EF5600F7A05E /* AppDelegate.swift in Sources */ = {isa = PBXBuildFile; fileRef = 0506343E2035EF5500F7A05E /* AppDelegate.swift */; };
		050634412035EF5600F7A05E /* ViewController.swift in Sources */ = {isa = PBXBuildFile; fileRef = 050634402035EF5600F7A05E /* ViewController.swift */; };
		050634442035EF5600F7A05E /* Main.storyboard in Resources */ = {isa = PBXBuildFile; fileRef = 050634422035EF5600F7A05E /* Main.storyboard */; };
		050634462035EF5600F7A05E /* Assets.xcassets in Resources */ = {isa = PBXBuildFile; fileRef = 050634452035EF5600F7A05E /* Assets.xcassets */; };
		050634492035EF5600F7A05E /* LaunchScreen.storyboard in Resources */ = {isa = PBXBuildFile; fileRef = 050634472035EF5600F7A05E /* LaunchScreen.storyboard */; };
		050634542035EF5700F7A05E /* mailerTestAppTests.swift in Sources */ = {isa = PBXBuildFile; fileRef = 050634532035EF5700F7A05E /* mailerTestAppTests.swift */; };
		0506345F2035EF5700F7A05E /* mailerTestAppUITests.swift in Sources */ = {isa = PBXBuildFile; fileRef = 0506345E2035EF5700F7A05E /* mailerTestAppUITests.swift */; };
/* End PBXBuildFile section */

/* Begin PBXContainerItemProxy section */
		050634502035EF5700F7A05E /* PBXContainerItemProxy */ = {
			isa = PBXContainerItemProxy;
			containerPortal = 050634332035EF5500F7A05E /* Project object */;
			proxyType = 1;
			remoteGlobalIDString = 0506343A2035EF5500F7A05E;
			remoteInfo = mailerTestApp;
		};
		0506345B2035EF5700F7A05E /* PBXContainerItemProxy */ = {
			isa = PBXContainerItemProxy;
			containerPortal = 050634332035EF5500F7A05E /* Project object */;
			proxyType = 1;
			remoteGlobalIDString = 0506343A2035EF5500F7A05E;
			remoteInfo = mailerTestApp;
		};
/* End PBXContainerItemProxy section */

/* Begin PBXFileReference section */
		0506343B2035EF5500F7A05E /* mailerTestApp.app */ = {isa = PBXFileReference; explicitFileType = wrapper.application; includeInIndex = 0; path = mailerTestApp.app; sourceTree = BUILT_PRODUCTS_DIR; };
		0506343E2035EF5500F7A05E /* AppDelegate.swift */ = {isa = PBXFileReference; lastKnownFileType = sourcecode.swift; path = AppDelegate.swift; sourceTree = "<group>"; };
		050634402035EF5600F7A05E /* ViewController.swift */ = {isa = PBXFileReference; lastKnownFileType = sourcecode.swift; path = ViewController.swift; sourceTree = "<group>"; };
		050634432035EF5600F7A05E /* Base */ = {isa = PBXFileReference; lastKnownFileType = file.storyboard; name = Base; path = Base.lproj/Main.storyboard; sourceTree = "<group>"; };
		050634452035EF5600F7A05E /* Assets.xcassets */ = {isa = PBXFileReference; lastKnownFileType = folder.assetcatalog; path = Assets.xcassets; sourceTree = "<group>"; };
		050634482035EF5600F7A05E /* Base */ = {isa = PBXFileReference; lastKnownFileType = file.storyboard; name = Base; path = Base.lproj/LaunchScreen.storyboard; sourceTree = "<group>"; };
		0506344A2035EF5600F7A05E /* Info.plist */ = {isa = PBXFileReference; lastKnownFileType = text.plist.xml; path = Info.plist; sourceTree = "<group>"; };
		0506344F2035EF5700F7A05E /* mailerTestAppTests.xctest */ = {isa = PBXFileReference; explicitFileType = wrapper.cfbundle; includeInIndex = 0; path = mailerTestAppTests.xctest; sourceTree = BUILT_PRODUCTS_DIR; };
		050634532035EF5700F7A05E /* mailerTestAppTests.swift */ = {isa = PBXFileReference; lastKnownFileType = sourcecode.swift; path = mailerTestAppTests.swift; sourceTree = "<group>"; };
		050634552035EF5700F7A05E /* Info.plist */ = {isa = PBXFileReference; lastKnownFileType = text.plist.xml; path = Info.plist; sourceTree = "<group>"; };
		0506345A2035EF5700F7A05E /* mailerTestAppUITests.xctest */ = {isa = PBXFileReference; explicitFileType = wrapper.cfbundle; includeInIndex = 0; path = mailerTestAppUITests.xctest; sourceTree = BUILT_PRODUCTS_DIR; };
		0506345E2035EF5700F7A05E /* mailerTestAppUITests.swift */ = {isa = PBXFileReference; lastKnownFileType = sourcecode.swift; path = mailerTestAppUITests.swift; sourceTree = "<group>"; };
		050634602035EF5700F7A05E /* Info.plist */ = {isa = PBXFileReference; lastKnownFileType = text.plist.xml; path = Info.plist; sourceTree = "<group>"; };
/* End PBXFileReference section */

/* Begin PBXFrameworksBuildPhase section */
		050634382035EF5500F7A05E /* Frameworks */ = {
			isa = PBXFrameworksBuildPhase;
			buildActionMask = 2147483647;
			files = (
			);
			runOnlyForDeploymentPostprocessing = 0;
		};
		0506344C2035EF5700F7A05E /* Frameworks */ = {
			isa = PBXFrameworksBuildPhase;
			buildActionMask = 2147483647;
			files = (
			);
			runOnlyForDeploymentPostprocessing = 0;
		};
		050634572035EF5700F7A05E /* Frameworks */ = {
			isa = PBXFrameworksBuildPhase;
			buildActionMask = 2147483647;
			files = (
			);
			runOnlyForDeploymentPostprocessing = 0;
		};
/* End PBXFrameworksBuildPhase section */

/* Begin PBXGroup section */
		050634322035EF5500F7A05E = {
			isa = PBXGroup;
			children = (
				0506343D2035EF5500F7A05E /* mailerTestApp */,
				050634522035EF5700F7A05E /* mailerTestAppTests */,
				0506345D2035EF5700F7A05E /* mailerTestAppUITests */,
				0506343C2035EF5500F7A05E /* Products */,
			);
			sourceTree = "<group>";
		};
		0506343C2035EF5500F7A05E /* Products */ = {
			isa = PBXGroup;
			children = (
				0506343B2035EF5500F7A05E /* mailerTestApp.app */,
				0506344F2035EF5700F7A05E /* mailerTestAppTests.xctest */,
				0506345A2035EF5700F7A05E /* mailerTestAppUITests.xctest */,
			);
			name = Products;
			sourceTree = "<group>";
		};
		0506343D2035EF5500F7A05E /* mailerTestApp */ = {
			isa = PBXGroup;
			children = (
				0506343E2035EF5500F7A05E /* AppDelegate.swift */,
				050634402035EF5600F7A05E /* ViewController.swift */,
				050634422035EF5600F7A05E /* Main.storyboard */,
				050634452035EF5600F7A05E /* Assets.xcassets */,
				050634472035EF5600F7A05E /* LaunchScreen.storyboard */,
				0506344A2035EF5600F7A05E /* Info.plist */,
			);
			path = mailerTestApp;
			sourceTree = "<group>";
		};
		050634522035EF5700F7A05E /* mailerTestAppTests */ = {
			isa = PBXGroup;
			children = (
				050634532035EF5700F7A05E /* mailerTestAppTests.swift */,
				050634552035EF5700F7A05E /* Info.plist */,
			);
			path = mailerTestAppTests;
			sourceTree = "<group>";
		};
		0506345D2035EF5700F7A05E /* mailerTestAppUITests */ = {
			isa = PBXGroup;
			children = (
				0506345E2035EF5700F7A05E /* mailerTestAppUITests.swift */,
				050634602035EF5700F7A05E /* Info.plist */,
			);
			path = mailerTestAppUITests;
			sourceTree = "<group>";
		};
/* End PBXGroup section */

/* Begin PBXNativeTarget section */
		0506343A2035EF5500F7A05E /* mailerTestApp */ = {
			isa = PBXNativeTarget;
			buildConfigurationList = 050634632035EF5700F7A05E /* Build configuration list for PBXNativeTarget "mailerTestApp" */;
			buildPhases = (
				050634372035EF5500F7A05E /* Sources */,
				050634382035EF5500F7A05E /* Frameworks */,
				050634392035EF5500F7A05E /* Resources */,
			);
			buildRules = (
			);
			dependencies = (
			);
			name = mailerTestApp;
			productName = mailerTestApp;
			productReference = 0506343B2035EF5500F7A05E /* mailerTestApp.app */;
			productType = "com.apple.product-type.application";
		};
		0506344E2035EF5700F7A05E /* mailerTestAppTests */ = {
			isa = PBXNativeTarget;
			buildConfigurationList = 050634662035EF5700F7A05E /* Build configuration list for PBXNativeTarget "mailerTestAppTests" */;
			buildPhases = (
				0506344B2035EF5700F7A05E /* Sources */,
				0506344C2035EF5700F7A05E /* Frameworks */,
				0506344D2035EF5700F7A05E /* Resources */,
			);
			buildRules = (
			);
			dependencies = (
				050634512035EF5700F7A05E /* PBXTargetDependency */,
			);
			name = mailerTestAppTests;
			productName = mailerTestAppTests;
			productReference = 0506344F2035EF5700F7A05E /* mailerTestAppTests.xctest */;
			productType = "com.apple.product-type.bundle.unit-test";
		};
		050634592035EF5700F7A05E /* mailerTestAppUITests */ = {
			isa = PBXNativeTarget;
			buildConfigurationList = 050634692035EF5700F7A05E /* Build configuration list for PBXNativeTarget "mailerTestAppUITests" */;
			buildPhases = (
				050634562035EF5700F7A05E /* Sources */,
				050634572035EF5700F7A05E /* Frameworks */,
				050634582035EF5700F7A05E /* Resources */,
			);
			buildRules = (
			);
			dependencies = (
				0506345C2035EF5700F7A05E /* PBXTargetDependency */,
			);
			name = mailerTestAppUITests;
			productName = mailerTestAppUITests;
			productReference = 0506345A2035EF5700F7A05E /* mailerTestAppUITests.xctest */;
			productType = "com.apple.product-type.bundle.ui-testing";
		};
/* End PBXNativeTarget section */

/* Begin PBXProject section */
		050634332035EF5500F7A05E /* Project object */ = {
			isa = PBXProject;
			attributes = {
				LastSwiftUpdateCheck = 0920;
				LastUpgradeCheck = 0920;
				ORGANIZATIONNAME = ShizunaIto;
				TargetAttributes = {
					0506343A2035EF5500F7A05E = {
						CreatedOnToolsVersion = 9.2;
						ProvisioningStyle = Automatic;
					};
					0506344E2035EF5700F7A05E = {
						CreatedOnToolsVersion = 9.2;
						ProvisioningStyle = Automatic;
						TestTargetID = 0506343A2035EF5500F7A05E;
					};
					050634592035EF5700F7A05E = {
						CreatedOnToolsVersion = 9.2;
						ProvisioningStyle = Automatic;
						TestTargetID = 0506343A2035EF5500F7A05E;
					};
				};
			};
			buildConfigurationList = 050634362035EF5500F7A05E /* Build configuration list for PBXProject "mailerTestApp" */;
			compatibilityVersion = "Xcode 8.0";
			developmentRegion = en;
			hasScannedForEncodings = 0;
			knownRegions = (
				en,
				Base,
			);
			mainGroup = 050634322035EF5500F7A05E;
			productRefGroup = 0506343C2035EF5500F7A05E /* Products */;
			projectDirPath = "";
			projectRoot = "";
			targets = (
				0506343A2035EF5500F7A05E /* mailerTestApp */,
				0506344E2035EF5700F7A05E /* mailerTestAppTests */,
				050634592035EF5700F7A05E /* mailerTestAppUITests */,
			);
		};
/* End PBXProject section */

/* Begin PBXResourcesBuildPhase section */
		050634392035EF5500F7A05E /* Resources */ = {
			isa = PBXResourcesBuildPhase;
			buildActionMask = 2147483647;
			files = (
				050634492035EF5600F7A05E /* LaunchScreen.storyboard in Resources */,
				050634462035EF5600F7A05E /* Assets.xcassets in Resources */,
				050634442035EF5600F7A05E /* Main.storyboard in Resources */,
			);
			runOnlyForDeploymentPostprocessing = 0;
		};
		0506344D2035EF5700F7A05E /* Resources */ = {
			isa = PBXResourcesBuildPhase;
			buildActionMask = 2147483647;
			files = (
			);
			runOnlyForDeploymentPostprocessing = 0;
		};
		050634582035EF5700F7A05E /* Resources */ = {
			isa = PBXResourcesBuildPhase;
			buildActionMask = 2147483647;
			files = (
			);
			runOnlyForDeploymentPostprocessing = 0;
		};
/* End PBXResourcesBuildPhase section */

/* Begin PBXSourcesBuildPhase section */
		050634372035EF5500F7A05E /* Sources */ = {
			isa = PBXSourcesBuildPhase;
			buildActionMask = 2147483647;
			files = (
				050634412035EF5600F7A05E /* ViewController.swift in Sources */,
				0506343F2035EF5600F7A05E /* AppDelegate.swift in Sources */,
			);
			runOnlyForDeploymentPostprocessing = 0;
		};
		0506344B2035EF5700F7A05E /* Sources */ = {
			isa = PBXSourcesBuildPhase;
			buildActionMask = 2147483647;
			files = (
				050634542035EF5700F7A05E /* mailerTestAppTests.swift in Sources */,
			);
			runOnlyForDeploymentPostprocessing = 0;
		};
		050634562035EF5700F7A05E /* Sources */ = {
			isa = PBXSourcesBuildPhase;
			buildActionMask = 2147483647;
			files = (
				0506345F2035EF5700F7A05E /* mailerTestAppUITests.swift in Sources */,
			);
			runOnlyForDeploymentPostprocessing = 0;
		};
/* End PBXSourcesBuildPhase section */

/* Begin PBXTargetDependency section */
		050634512035EF5700F7A05E /* PBXTargetDependency */ = {
			isa = PBXTargetDependency;
			target = 0506343A2035EF5500F7A05E /* mailerTestApp */;
			targetProxy = 050634502035EF5700F7A05E /* PBXContainerItemProxy */;
		};
		0506345C2035EF5700F7A05E /* PBXTargetDependency */ = {
			isa = PBXTargetDependency;
			target = 0506343A2035EF5500F7A05E /* mailerTestApp */;
			targetProxy = 0506345B2035EF5700F7A05E /* PBXContainerItemProxy */;
		};
/* End PBXTargetDependency section */

/* Begin PBXVariantGroup section */
		050634422035EF5600F7A05E /* Main.storyboard */ = {
			isa = PBXVariantGroup;
			children = (
				050634432035EF5600F7A05E /* Base */,
			);
			name = Main.storyboard;
			sourceTree = "<group>";
		};
		050634472035EF5600F7A05E /* LaunchScreen.storyboard */ = {
			isa = PBXVariantGroup;
			children = (
				050634482035EF5600F7A05E /* Base */,
			);
			name = LaunchScreen.storyboard;
			sourceTree = "<group>";
		};
/* End PBXVariantGroup section */

/* Begin XCBuildConfiguration section */
		050634612035EF5700F7A05E /* Debug */ = {
			isa = XCBuildConfiguration;
			buildSettings = {
				ALWAYS_SEARCH_USER_PATHS = NO;
				CLANG_ANALYZER_NONNULL = YES;
				CLANG_ANALYZER_NUMBER_OBJECT_CONVERSION = YES_AGGRESSIVE;
				CLANG_CXX_LANGUAGE_STANDARD = "gnu++14";
				CLANG_CXX_LIBRARY = "libc++";
				CLANG_ENABLE_MODULES = YES;
				CLANG_ENABLE_OBJC_ARC = YES;
				CLANG_WARN_BLOCK_CAPTURE_AUTORELEASING = YES;
				CLANG_WARN_BOOL_CONVERSION = YES;
				CLANG_WARN_COMMA = YES;
				CLANG_WARN_CONSTANT_CONVERSION = YES;
				CLANG_WARN_DIRECT_OBJC_ISA_USAGE = YES_ERROR;
				CLANG_WARN_DOCUMENTATION_COMMENTS = YES;
				CLANG_WARN_EMPTY_BODY = YES;
				CLANG_WARN_ENUM_CONVERSION = YES;
				CLANG_WARN_INFINITE_RECURSION = YES;
				CLANG_WARN_INT_CONVERSION = YES;
				CLANG_WARN_NON_LITERAL_NULL_CONVERSION = YES;
				CLANG_WARN_OBJC_LITERAL_CONVERSION = YES;
				CLANG_WARN_OBJC_ROOT_CLASS = YES_ERROR;
				CLANG_WARN_RANGE_LOOP_ANALYSIS = YES;
				CLANG_WARN_STRICT_PROTOTYPES = YES;
				CLANG_WARN_SUSPICIOUS_MOVE = YES;
				CLANG_WARN_UNGUARDED_AVAILABILITY = YES_AGGRESSIVE;
				CLANG_WARN_UNREACHABLE_CODE = YES;
				CLANG_WARN__DUPLICATE_METHOD_MATCH = YES;
				CODE_SIGN_IDENTITY = "iPhone Developer";
				COPY_PHASE_STRIP = NO;
				DEBUG_INFORMATION_FORMAT = dwarf;
				ENABLE_STRICT_OBJC_MSGSEND = YES;
				ENABLE_TESTABILITY = YES;
				GCC_C_LANGUAGE_STANDARD = gnu11;
				GCC_DYNAMIC_NO_PIC = NO;
				GCC_NO_COMMON_BLOCKS = YES;
				GCC_OPTIMIZATION_LEVEL = 0;
				GCC_PREPROCESSOR_DEFINITIONS = (
					"DEBUG=1",
					"$(inherited)",
				);
				GCC_WARN_64_TO_32_BIT_CONVERSION = YES;
				GCC_WARN_ABOUT_RETURN_TYPE = YES_ERROR;
				GCC_WARN_UNDECLARED_SELECTOR = YES;
				GCC_WARN_UNINITIALIZED_AUTOS = YES_AGGRESSIVE;
				GCC_WARN_UNUSED_FUNCTION = YES;
				GCC_WARN_UNUSED_VARIABLE = YES;
				IPHONEOS_DEPLOYMENT_TARGET = 11.2;
				MTL_ENABLE_DEBUG_INFO = YES;
				ONLY_ACTIVE_ARCH = YES;
				SDKROOT = iphoneos;
				SWIFT_ACTIVE_COMPILATION_CONDITIONS = DEBUG;
				SWIFT_OPTIMIZATION_LEVEL = "-Onone";
			};
			name = Debug;
		};
		050634622035EF5700F7A05E /* Release */ = {
			isa = XCBuildConfiguration;
			buildSettings = {
				ALWAYS_SEARCH_USER_PATHS = NO;
				CLANG_ANALYZER_NONNULL = YES;
				CLANG_ANALYZER_NUMBER_OBJECT_CONVERSION = YES_AGGRESSIVE;
				CLANG_CXX_LANGUAGE_STANDARD = "gnu++14";
				CLANG_CXX_LIBRARY = "libc++";
				CLANG_ENABLE_MODULES = YES;
				CLANG_ENABLE_OBJC_ARC = YES;
				CLANG_WARN_BLOCK_CAPTURE_AUTORELEASING = YES;
				CLANG_WARN_BOOL_CONVERSION = YES;
				CLANG_WARN_COMMA = YES;
				CLANG_WARN_CONSTANT_CONVERSION = YES;
				CLANG_WARN_DIRECT_OBJC_ISA_USAGE = YES_ERROR;
				CLANG_WARN_DOCUMENTATION_COMMENTS = YES;
				CLANG_WARN_EMPTY_BODY = YES;
				CLANG_WARN_ENUM_CONVERSION = YES;
				CLANG_WARN_INFINITE_RECURSION = YES;
				CLANG_WARN_INT_CONVERSION = YES;
				CLANG_WARN_NON_LITERAL_NULL_CONVERSION = YES;
				CLANG_WARN_OBJC_LITERAL_CONVERSION = YES;
				CLANG_WARN_OBJC_ROOT_CLASS = YES_ERROR;
				CLANG_WARN_RANGE_LOOP_ANALYSIS = YES;
				CLANG_WARN_STRICT_PROTOTYPES = YES;
				CLANG_WARN_SUSPICIOUS_MOVE = YES;
				CLANG_WARN_UNGUARDED_AVAILABILITY = YES_AGGRESSIVE;
				CLANG_WARN_UNREACHABLE_CODE = YES;
				CLANG_WARN__DUPLICATE_METHOD_MATCH = YES;
				CODE_SIGN_IDENTITY = "iPhone Developer";
				COPY_PHASE_STRIP = NO;
				DEBUG_INFORMATION_FORMAT = "dwarf-with-dsym";
				ENABLE_NS_ASSERTIONS = NO;
				ENABLE_STRICT_OBJC_MSGSEND = YES;
				GCC_C_LANGUAGE_STANDARD = gnu11;
				GCC_NO_COMMON_BLOCKS = YES;
				GCC_WARN_64_TO_32_BIT_CONVERSION = YES;
				GCC_WARN_ABOUT_RETURN_TYPE = YES_ERROR;
				GCC_WARN_UNDECLARED_SELECTOR = YES;
				GCC_WARN_UNINITIALIZED_AUTOS = YES_AGGRESSIVE;
				GCC_WARN_UNUSED_FUNCTION = YES;
				GCC_WARN_UNUSED_VARIABLE = YES;
				IPHONEOS_DEPLOYMENT_TARGET = 11.2;
				MTL_ENABLE_DEBUG_INFO = NO;
				SDKROOT = iphoneos;
				SWIFT_OPTIMIZATION_LEVEL = "-Owholemodule";
				VALIDATE_PRODUCT = YES;
			};
			name = Release;
		};
		050634642035EF5700F7A05E /* Debug */ = {
			isa = XCBuildConfiguration;
			buildSettings = {
				ASSETCATALOG_COMPILER_APPICON_NAME = AppIcon;
				CODE_SIGN_STYLE = Automatic;
				DEVELOPMENT_TEAM = 4KN47Y9XMZ;
				INFOPLIST_FILE = mailerTestApp/Info.plist;
				LD_RUNPATH_SEARCH_PATHS = "$(inherited) @executable_path/Frameworks";
				PRODUCT_BUNDLE_IDENTIFIER = com.shizunaito.mailerTestApp;
				PRODUCT_NAME = "$(TARGET_NAME)";
				SWIFT_VERSION = 4.0;
				TARGETED_DEVICE_FAMILY = "1,2";
			};
			name = Debug;
		};
		050634652035EF5700F7A05E /* Release */ = {
			isa = XCBuildConfiguration;
			buildSettings = {
				ASSETCATALOG_COMPILER_APPICON_NAME = AppIcon;
				CODE_SIGN_STYLE = Automatic;
				DEVELOPMENT_TEAM = 4KN47Y9XMZ;
				INFOPLIST_FILE = mailerTestApp/Info.plist;
				LD_RUNPATH_SEARCH_PATHS = "$(inherited) @executable_path/Frameworks";
				PRODUCT_BUNDLE_IDENTIFIER = com.shizunaito.mailerTestApp;
				PRODUCT_NAME = "$(TARGET_NAME)";
				SWIFT_VERSION = 4.0;
				TARGETED_DEVICE_FAMILY = "1,2";
			};
			name = Release;
		};
		050634672035EF5700F7A05E /* Debug */ = {
			isa = XCBuildConfiguration;
			buildSettings = {
				ALWAYS_EMBED_SWIFT_STANDARD_LIBRARIES = YES;
				BUNDLE_LOADER = "$(TEST_HOST)";
				CODE_SIGN_STYLE = Automatic;
				DEVELOPMENT_TEAM = 4KN47Y9XMZ;
				INFOPLIST_FILE = mailerTestAppTests/Info.plist;
				LD_RUNPATH_SEARCH_PATHS = "$(inherited) @executable_path/Frameworks @loader_path/Frameworks";
				PRODUCT_BUNDLE_IDENTIFIER = com.shizunaito.mailerTestAppTests;
				PRODUCT_NAME = "$(TARGET_NAME)";
				SWIFT_VERSION = 4.0;
				TARGETED_DEVICE_FAMILY = "1,2";
				TEST_HOST = "$(BUILT_PRODUCTS_DIR)/mailerTestApp.app/mailerTestApp";
			};
			name = Debug;
		};
		050634682035EF5700F7A05E /* Release */ = {
			isa = XCBuildConfiguration;
			buildSettings = {
				ALWAYS_EMBED_SWIFT_STANDARD_LIBRARIES = YES;
				BUNDLE_LOADER = "$(TEST_HOST)";
				CODE_SIGN_STYLE = Automatic;
				DEVELOPMENT_TEAM = 4KN47Y9XMZ;
				INFOPLIST_FILE = mailerTestAppTests/Info.plist;
				LD_RUNPATH_SEARCH_PATHS = "$(inherited) @executable_path/Frameworks @loader_path/Frameworks";
				PRODUCT_BUNDLE_IDENTIFIER = com.shizunaito.mailerTestAppTests;
				PRODUCT_NAME = "$(TARGET_NAME)";
				SWIFT_VERSION = 4.0;
				TARGETED_DEVICE_FAMILY = "1,2";
				TEST_HOST = "$(BUILT_PRODUCTS_DIR)/mailerTestApp.app/mailerTestApp";
			};
			name = Release;
		};
		0506346A2035EF5700F7A05E /* Debug */ = {
			isa = XCBuildConfiguration;
			buildSettings = {
				ALWAYS_EMBED_SWIFT_STANDARD_LIBRARIES = YES;
				CODE_SIGN_STYLE = Automatic;
				DEVELOPMENT_TEAM = 4KN47Y9XMZ;
				INFOPLIST_FILE = mailerTestAppUITests/Info.plist;
				LD_RUNPATH_SEARCH_PATHS = "$(inherited) @executable_path/Frameworks @loader_path/Frameworks";
				PRODUCT_BUNDLE_IDENTIFIER = com.shizunaito.mailerTestAppUITests;
				PRODUCT_NAME = "$(TARGET_NAME)";
				SWIFT_VERSION = 4.0;
				TARGETED_DEVICE_FAMILY = "1,2";
				TEST_TARGET_NAME = mailerTestApp;
			};
			name = Debug;
		};
		0506346B2035EF5700F7A05E /* Release */ = {
			isa = XCBuildConfiguration;
			buildSettings = {
				ALWAYS_EMBED_SWIFT_STANDARD_LIBRARIES = YES;
				CODE_SIGN_STYLE = Automatic;
				DEVELOPMENT_TEAM = 4KN47Y9XMZ;
				INFOPLIST_FILE = mailerTestAppUITests/Info.plist;
				LD_RUNPATH_SEARCH_PATHS = "$(inherited) @executable_path/Frameworks @loader_path/Frameworks";
				PRODUCT_BUNDLE_IDENTIFIER = com.shizunaito.mailerTestAppUITests;
				PRODUCT_NAME = "$(TARGET_NAME)";
				SWIFT_VERSION = 4.0;
				TARGETED_DEVICE_FAMILY = "1,2";
				TEST_TARGET_NAME = mailerTestApp;
			};
			name = Release;
		};
/* End XCBuildConfiguration section */

/* Begin XCConfigurationList section */
		050634362035EF5500F7A05E /* Build configuration list for PBXProject "mailerTestApp" */ = {
			isa = XCConfigurationList;
			buildConfigurations = (
				050634612035EF5700F7A05E /* Debug */,
				050634622035EF5700F7A05E /* Release */,
			);
			defaultConfigurationIsVisible = 0;
			defaultConfigurationName = Release;
		};
		050634632035EF5700F7A05E /* Build configuration list for PBXNativeTarget "mailerTestApp" */ = {
			isa = XCConfigurationList;
			buildConfigurations = (
				050634642035EF5700F7A05E /* Debug */,
				050634652035EF5700F7A05E /* Release */,
			);
			defaultConfigurationIsVisible = 0;
			defaultConfigurationName = Release;
		};
		050634662035EF5700F7A05E /* Build configuration list for PBXNativeTarget "mailerTestAppTests" */ = {
			isa = XCConfigurationList;
			buildConfigurations = (
				050634672035EF5700F7A05E /* Debug */,
				050634682035EF5700F7A05E /* Release */,
			);
			defaultConfigurationIsVisible = 0;
			defaultConfigurationName = Release;
		};
		050634692035EF5700F7A05E /* Build configuration list for PBXNativeTarget "mailerTestAppUITests" */ = {
			isa = XCConfigurationList;
			buildConfigurations = (
				0506346A2035EF5700F7A05E /* Debug */,
				0506346B2035EF5700F7A05E /* Release */,
			);
			defaultConfigurationIsVisible = 0;
			defaultConfigurationName = Release;
		};
/* End XCConfigurationList section */
	};
	rootObject = 050634332035EF5500F7A05E /* Project object */;
}
